
Microsoft Visual Studio Solution File, Format Version 12.00
# Visual Studio 15
VisualStudioVersion = 15.0.27130.2027
MinimumVisualStudioVersion = 10.0.40219.1
Project("{FAE04EC0-301F-11D3-BF4B-00C04F79EFBC}") = "commandpattern2", "commandpattern2\commandpattern2.csproj", "{679BD5D3-5290-417D-A633-8FB51F1CF80C}"
EndProject
Global
	GlobalSection(SolutionConfigurationPlatforms) = preSolution
		Debug|Any CPU = Debug|Any CPU
		Release|Any CPU = Release|Any CPU
	EndGlobalSection
	GlobalSection(ProjectConfigurationPlatforms) = postSolution
		{679BD5D3-5290-417D-A633-8FB51F1CF80C}.Debug|Any CPU.ActiveCfg = Debug|Any CPU
		{679BD5D3-5290-417D-A633-8FB51F1CF80C}.Debug|Any CPU.Build.0 = Debug|Any CPU
		{679BD5D3-5290-417D-A633-8FB51F1CF80C}.Release|Any CPU.ActiveCfg = Release|Any CPU
		{679BD5D3-5290-417D-A633-8FB51F1CF80C}.Release|Any CPU.Build.0 = Release|Any CPU
	EndGlobalSection
	GlobalSection(SolutionProperties) = preSolution
		HideSolutionNode = FALSE
	EndGlobalSection
	GlobalSection(ExtensibilityGlobals) = postSolution
		SolutionGuid = {6F2BE419-5FAA-42E1-8A3A-155F33F227A2}
	EndGlobalSection
EndGlobal
